
Microsoft Visual Studio Solution File, Format Version 12.00
# Visual Studio Version 16
VisualStudioVersion = 16.0.30907.101
MinimumVisualStudioVersion = 10.0.40219.1
Project("{9A19103F-16F7-4668-BE54-9A1E7A4F7556}") = "Application", "Application\Application.csproj", "{82F47FCF-A804-4DDF-8C7E-6AAF525CBFC3}"
EndProject
Project("{FAE04EC0-301F-11D3-BF4B-00C04F79EFBC}") = "Protocol", "Protocol\Protocol.csproj", "{FE115AD2-E8C8-4C65-98F8-0CB73837AE2D}"
EndProject
Project("{FAE04EC0-301F-11D3-BF4B-00C04F79EFBC}") = "TestCryptoNote", "TestProtocol\TestProtocol.csproj", "{258AD576-18B7-4407-B914-0FE01CB50FC3}"
EndProject
Global
	GlobalSection(SolutionConfigurationPlatforms) = preSolution
		Debug|Any CPU = Debug|Any CPU
		Release|Any CPU = Release|Any CPU
	EndGlobalSection
	GlobalSection(ProjectConfigurationPlatforms) = postSolution
		{82F47FCF-A804-4DDF-8C7E-6AAF525CBFC3}.Debug|Any CPU.ActiveCfg = Debug|Any CPU
		{82F47FCF-A804-4DDF-8C7E-6AAF525CBFC3}.Debug|Any CPU.Build.0 = Debug|Any CPU
		{82F47FCF-A804-4DDF-8C7E-6AAF525CBFC3}.Release|Any CPU.ActiveCfg = Release|Any CPU
		{82F47FCF-A804-4DDF-8C7E-6AAF525CBFC3}.Release|Any CPU.Build.0 = Release|Any CPU
		{FE115AD2-E8C8-4C65-98F8-0CB73837AE2D}.Debug|Any CPU.ActiveCfg = Debug|Any CPU
		{FE115AD2-E8C8-4C65-98F8-0CB73837AE2D}.Debug|Any CPU.Build.0 = Debug|Any CPU
		{FE115AD2-E8C8-4C65-98F8-0CB73837AE2D}.Release|Any CPU.ActiveCfg = Release|Any CPU
		{FE115AD2-E8C8-4C65-98F8-0CB73837AE2D}.Release|Any CPU.Build.0 = Release|Any CPU
		{258AD576-18B7-4407-B914-0FE01CB50FC3}.Debug|Any CPU.ActiveCfg = Debug|Any CPU
		{258AD576-18B7-4407-B914-0FE01CB50FC3}.Debug|Any CPU.Build.0 = Debug|Any CPU
		{258AD576-18B7-4407-B914-0FE01CB50FC3}.Release|Any CPU.ActiveCfg = Release|Any CPU
		{258AD576-18B7-4407-B914-0FE01CB50FC3}.Release|Any CPU.Build.0 = Release|Any CPU
	EndGlobalSection
	GlobalSection(SolutionProperties) = preSolution
		HideSolutionNode = FALSE
	EndGlobalSection
	GlobalSection(ExtensibilityGlobals) = postSolution
		SolutionGuid = {1EB591C3-5E08-40C9-B399-88EBF230CEA7}
	EndGlobalSection
EndGlobal
